// !$*UTF8*$!
{
	archiveVersion = 1;
	classes = {
	};
	objectVersion = 56;
	objects = {

/* Begin PBXBuildFile section */
		B454D133292F15F700D9CE33 /* PokemonDexApp.swift in Sources */ = {isa = PBXBuildFile; fileRef = B454D132292F15F700D9CE33 /* PokemonDexApp.swift */; };
		B454D135292F15F700D9CE33 /* ContentView.swift in Sources */ = {isa = PBXBuildFile; fileRef = B454D134292F15F700D9CE33 /* ContentView.swift */; };
		B454D137292F15F900D9CE33 /* Assets.xcassets in Resources */ = {isa = PBXBuildFile; fileRef = B454D136292F15F900D9CE33 /* Assets.xcassets */; };
		B454D13A292F15F900D9CE33 /* Preview Assets.xcassets in Resources */ = {isa = PBXBuildFile; fileRef = B454D139292F15F900D9CE33 /* Preview Assets.xcassets */; };
		B454D148292F198200D9CE33 /* PokemonCard.swift in Sources */ = {isa = PBXBuildFile; fileRef = B454D147292F198200D9CE33 /* PokemonCard.swift */; };
		B454D14A292F1B1900D9CE33 /* PokemonList.swift in Sources */ = {isa = PBXBuildFile; fileRef = B454D149292F1B1900D9CE33 /* PokemonList.swift */; };
		B454D14C292F1CFF00D9CE33 /* PokemonBgText.swift in Sources */ = {isa = PBXBuildFile; fileRef = B454D14B292F1CFF00D9CE33 /* PokemonBgText.swift */; };
		B454D14E292F1E5800D9CE33 /* Pokemon.swift in Sources */ = {isa = PBXBuildFile; fileRef = B454D14D292F1E5800D9CE33 /* Pokemon.swift */; };
		B454D150292F1F7100D9CE33 /* ApiService.swift in Sources */ = {isa = PBXBuildFile; fileRef = B454D14F292F1F7100D9CE33 /* ApiService.swift */; };
		B454D152292F226A00D9CE33 /* PokemonViewModel.swift in Sources */ = {isa = PBXBuildFile; fileRef = B454D151292F226A00D9CE33 /* PokemonViewModel.swift */; };
		B454D155292F292100D9CE33 /* SDWebImage in Frameworks */ = {isa = PBXBuildFile; productRef = B454D154292F292100D9CE33 /* SDWebImage */; };
		B454D157292F292100D9CE33 /* SDWebImageMapKit in Frameworks */ = {isa = PBXBuildFile; productRef = B454D156292F292100D9CE33 /* SDWebImageMapKit */; };
		B454D15A292F2BB100D9CE33 /* SDWebImageSwiftUI in Frameworks */ = {isa = PBXBuildFile; productRef = B454D159292F2BB100D9CE33 /* SDWebImageSwiftUI */; };
		B454D15C292F347600D9CE33 /* PokeDetail.swift in Sources */ = {isa = PBXBuildFile; fileRef = B454D15B292F347600D9CE33 /* PokeDetail.swift */; };
/* End PBXBuildFile section */

/* Begin PBXFileReference section */
		B454D12F292F15F700D9CE33 /* PokemonDex.app */ = {isa = PBXFileReference; explicitFileType = wrapper.application; includeInIndex = 0; path = PokemonDex.app; sourceTree = BUILT_PRODUCTS_DIR; };
		B454D132292F15F700D9CE33 /* PokemonDexApp.swift */ = {isa = PBXFileReference; lastKnownFileType = sourcecode.swift; path = PokemonDexApp.swift; sourceTree = "<group>"; };
		B454D134292F15F700D9CE33 /* ContentView.swift */ = {isa = PBXFileReference; lastKnownFileType = sourcecode.swift; path = ContentView.swift; sourceTree = "<group>"; };
		B454D136292F15F900D9CE33 /* Assets.xcassets */ = {isa = PBXFileReference; lastKnownFileType = folder.assetcatalog; path = Assets.xcassets; sourceTree = "<group>"; };
		B454D139292F15F900D9CE33 /* Preview Assets.xcassets */ = {isa = PBXFileReference; lastKnownFileType = folder.assetcatalog; path = "Preview Assets.xcassets"; sourceTree = "<group>"; };
		B454D147292F198200D9CE33 /* PokemonCard.swift */ = {isa = PBXFileReference; lastKnownFileType = sourcecode.swift; path = PokemonCard.swift; sourceTree = "<group>"; };
		B454D149292F1B1900D9CE33 /* PokemonList.swift */ = {isa = PBXFileReference; lastKnownFileType = sourcecode.swift; path = PokemonList.swift; sourceTree = "<group>"; };
		B454D14B292F1CFF00D9CE33 /* PokemonBgText.swift */ = {isa = PBXFileReference; lastKnownFileType = sourcecode.swift; path = PokemonBgText.swift; sourceTree = "<group>"; };
		B454D14D292F1E5800D9CE33 /* Pokemon.swift */ = {isa = PBXFileReference; lastKnownFileType = sourcecode.swift; path = Pokemon.swift; sourceTree = "<group>"; };
		B454D14F292F1F7100D9CE33 /* ApiService.swift */ = {isa = PBXFileReference; lastKnownFileType = sourcecode.swift; path = ApiService.swift; sourceTree = "<group>"; };
		B454D151292F226A00D9CE33 /* PokemonViewModel.swift */ = {isa = PBXFileReference; lastKnownFileType = sourcecode.swift; path = PokemonViewModel.swift; sourceTree = "<group>"; };
		B454D15B292F347600D9CE33 /* PokeDetail.swift */ = {isa = PBXFileReference; lastKnownFileType = sourcecode.swift; path = PokeDetail.swift; sourceTree = "<group>"; };
/* End PBXFileReference section */

/* Begin PBXFrameworksBuildPhase section */
		B454D12C292F15F700D9CE33 /* Frameworks */ = {
			isa = PBXFrameworksBuildPhase;
			buildActionMask = 2147483647;
			files = (
				B454D15A292F2BB100D9CE33 /* SDWebImageSwiftUI in Frameworks */,
				B454D157292F292100D9CE33 /* SDWebImageMapKit in Frameworks */,
				B454D155292F292100D9CE33 /* SDWebImage in Frameworks */,
			);
			runOnlyForDeploymentPostprocessing = 0;
		};
/* End PBXFrameworksBuildPhase section */

/* Begin PBXGroup section */
		B454D126292F15F700D9CE33 = {
			isa = PBXGroup;
			children = (
				B454D131292F15F700D9CE33 /* PokemonDex */,
				B454D130292F15F700D9CE33 /* Products */,
			);
			sourceTree = "<group>";
		};
		B454D130292F15F700D9CE33 /* Products */ = {
			isa = PBXGroup;
			children = (
				B454D12F292F15F700D9CE33 /* PokemonDex.app */,
			);
			name = Products;
			sourceTree = "<group>";
		};
		B454D131292F15F700D9CE33 /* PokemonDex */ = {
			isa = PBXGroup;
			children = (
				B454D146292F196200D9CE33 /* ViewModels */,
				B454D145292F195800D9CE33 /* Models */,
				B454D144292F194900D9CE33 /* Services */,
				B454D143292F194000D9CE33 /* Views */,
				B454D132292F15F700D9CE33 /* PokemonDexApp.swift */,
				B454D134292F15F700D9CE33 /* ContentView.swift */,
				B454D136292F15F900D9CE33 /* Assets.xcassets */,
				B454D138292F15F900D9CE33 /* Preview Content */,
			);
			path = PokemonDex;
			sourceTree = "<group>";
		};
		B454D138292F15F900D9CE33 /* Preview Content */ = {
			isa = PBXGroup;
			children = (
				B454D139292F15F900D9CE33 /* Preview Assets.xcassets */,
			);
			path = "Preview Content";
			sourceTree = "<group>";
		};
		B454D143292F194000D9CE33 /* Views */ = {
			isa = PBXGroup;
			children = (
				B454D147292F198200D9CE33 /* PokemonCard.swift */,
				B454D149292F1B1900D9CE33 /* PokemonList.swift */,
				B454D14B292F1CFF00D9CE33 /* PokemonBgText.swift */,
				B454D15B292F347600D9CE33 /* PokeDetail.swift */,
			);
			path = Views;
			sourceTree = "<group>";
		};
		B454D144292F194900D9CE33 /* Services */ = {
			isa = PBXGroup;
			children = (
				B454D14F292F1F7100D9CE33 /* ApiService.swift */,
			);
			path = Services;
			sourceTree = "<group>";
		};
		B454D145292F195800D9CE33 /* Models */ = {
			isa = PBXGroup;
			children = (
				B454D14D292F1E5800D9CE33 /* Pokemon.swift */,
			);
			path = Models;
			sourceTree = "<group>";
		};
		B454D146292F196200D9CE33 /* ViewModels */ = {
			isa = PBXGroup;
			children = (
				B454D151292F226A00D9CE33 /* PokemonViewModel.swift */,
			);
			path = ViewModels;
			sourceTree = "<group>";
		};
/* End PBXGroup section */

/* Begin PBXNativeTarget section */
		B454D12E292F15F700D9CE33 /* PokemonDex */ = {
			isa = PBXNativeTarget;
			buildConfigurationList = B454D13D292F15F900D9CE33 /* Build configuration list for PBXNativeTarget "PokemonDex" */;
			buildPhases = (
				B454D12B292F15F700D9CE33 /* Sources */,
				B454D12C292F15F700D9CE33 /* Frameworks */,
				B454D12D292F15F700D9CE33 /* Resources */,
			);
			buildRules = (
			);
			dependencies = (
			);
			name = PokemonDex;
			packageProductDependencies = (
				B454D154292F292100D9CE33 /* SDWebImage */,
				B454D156292F292100D9CE33 /* SDWebImageMapKit */,
				B454D159292F2BB100D9CE33 /* SDWebImageSwiftUI */,
			);
			productName = PokemonDex;
			productReference = B454D12F292F15F700D9CE33 /* PokemonDex.app */;
			productType = "com.apple.product-type.application";
		};
/* End PBXNativeTarget section */

/* Begin PBXProject section */
		B454D127292F15F700D9CE33 /* Project object */ = {
			isa = PBXProject;
			attributes = {
				BuildIndependentTargetsInParallel = 1;
				LastSwiftUpdateCheck = 1410;
				LastUpgradeCheck = 1410;
				TargetAttributes = {
					B454D12E292F15F700D9CE33 = {
						CreatedOnToolsVersion = 14.1;
					};
				};
			};
			buildConfigurationList = B454D12A292F15F700D9CE33 /* Build configuration list for PBXProject "PokemonDex" */;
			compatibilityVersion = "Xcode 14.0";
			developmentRegion = en;
			hasScannedForEncodings = 0;
			knownRegions = (
				en,
				Base,
			);
			mainGroup = B454D126292F15F700D9CE33;
			packageReferences = (
				B454D153292F292100D9CE33 /* XCRemoteSwiftPackageReference "SDWebImage" */,
				B454D158292F2BB100D9CE33 /* XCRemoteSwiftPackageReference "SDWebImageSwiftUI" */,
			);
			productRefGroup = B454D130292F15F700D9CE33 /* Products */;
			projectDirPath = "";
			projectRoot = "";
			targets = (
				B454D12E292F15F700D9CE33 /* PokemonDex */,
			);
		};
/* End PBXProject section */

/* Begin PBXResourcesBuildPhase section */
		B454D12D292F15F700D9CE33 /* Resources */ = {
			isa = PBXResourcesBuildPhase;
			buildActionMask = 2147483647;
			files = (
				B454D13A292F15F900D9CE33 /* Preview Assets.xcassets in Resources */,
				B454D137292F15F900D9CE33 /* Assets.xcassets in Resources */,
			);
			runOnlyForDeploymentPostprocessing = 0;
		};
/* End PBXResourcesBuildPhase section */

/* Begin PBXSourcesBuildPhase section */
		B454D12B292F15F700D9CE33 /* Sources */ = {
			isa = PBXSourcesBuildPhase;
			buildActionMask = 2147483647;
			files = (
				B454D135292F15F700D9CE33 /* ContentView.swift in Sources */,
				B454D14A292F1B1900D9CE33 /* PokemonList.swift in Sources */,
				B454D14C292F1CFF00D9CE33 /* PokemonBgText.swift in Sources */,
				B454D148292F198200D9CE33 /* PokemonCard.swift in Sources */,
				B454D133292F15F700D9CE33 /* PokemonDexApp.swift in Sources */,
				B454D150292F1F7100D9CE33 /* ApiService.swift in Sources */,
				B454D15C292F347600D9CE33 /* PokeDetail.swift in Sources */,
				B454D152292F226A00D9CE33 /* PokemonViewModel.swift in Sources */,
				B454D14E292F1E5800D9CE33 /* Pokemon.swift in Sources */,
			);
			runOnlyForDeploymentPostprocessing = 0;
		};
/* End PBXSourcesBuildPhase section */

/* Begin XCBuildConfiguration section */
		B454D13B292F15F900D9CE33 /* Debug */ = {
			isa = XCBuildConfiguration;
			buildSettings = {
				ALWAYS_SEARCH_USER_PATHS = NO;
				CLANG_ANALYZER_NONNULL = YES;
				CLANG_ANALYZER_NUMBER_OBJECT_CONVERSION = YES_AGGRESSIVE;
				CLANG_CXX_LANGUAGE_STANDARD = "gnu++20";
				CLANG_ENABLE_MODULES = YES;
				CLANG_ENABLE_OBJC_ARC = YES;
				CLANG_ENABLE_OBJC_WEAK = YES;
				CLANG_WARN_BLOCK_CAPTURE_AUTORELEASING = YES;
				CLANG_WARN_BOOL_CONVERSION = YES;
				CLANG_WARN_COMMA = YES;
				CLANG_WARN_CONSTANT_CONVERSION = YES;
				CLANG_WARN_DEPRECATED_OBJC_IMPLEMENTATIONS = YES;
				CLANG_WARN_DIRECT_OBJC_ISA_USAGE = YES_ERROR;
				CLANG_WARN_DOCUMENTATION_COMMENTS = YES;
				CLANG_WARN_EMPTY_BODY = YES;
				CLANG_WARN_ENUM_CONVERSION = YES;
				CLANG_WARN_INFINITE_RECURSION = YES;
				CLANG_WARN_INT_CONVERSION = YES;
				CLANG_WARN_NON_LITERAL_NULL_CONVERSION = YES;
				CLANG_WARN_OBJC_IMPLICIT_RETAIN_SELF = YES;
				CLANG_WARN_OBJC_LITERAL_CONVERSION = YES;
				CLANG_WARN_OBJC_ROOT_CLASS = YES_ERROR;
				CLANG_WARN_QUOTED_INCLUDE_IN_FRAMEWORK_HEADER = YES;
				CLANG_WARN_RANGE_LOOP_ANALYSIS = YES;
				CLANG_WARN_STRICT_PROTOTYPES = YES;
				CLANG_WARN_SUSPICIOUS_MOVE = YES;
				CLANG_WARN_UNGUARDED_AVAILABILITY = YES_AGGRESSIVE;
				CLANG_WARN_UNREACHABLE_CODE = YES;
				CLANG_WARN__DUPLICATE_METHOD_MATCH = YES;
				COPY_PHASE_STRIP = NO;
				DEBUG_INFORMATION_FORMAT = dwarf;
				ENABLE_STRICT_OBJC_MSGSEND = YES;
				ENABLE_TESTABILITY = YES;
				GCC_C_LANGUAGE_STANDARD = gnu11;
				GCC_DYNAMIC_NO_PIC = NO;
				GCC_NO_COMMON_BLOCKS = YES;
				GCC_OPTIMIZATION_LEVEL = 0;
				GCC_PREPROCESSOR_DEFINITIONS = (
					"DEBUG=1",
					"$(inherited)",
				);
				GCC_WARN_64_TO_32_BIT_CONVERSION = YES;
				GCC_WARN_ABOUT_RETURN_TYPE = YES_ERROR;
				GCC_WARN_UNDECLARED_SELECTOR = YES;
				GCC_WARN_UNINITIALIZED_AUTOS = YES_AGGRESSIVE;
				GCC_WARN_UNUSED_FUNCTION = YES;
				GCC_WARN_UNUSED_VARIABLE = YES;
				IPHONEOS_DEPLOYMENT_TARGET = 16.1;
				MTL_ENABLE_DEBUG_INFO = INCLUDE_SOURCE;
				MTL_FAST_MATH = YES;
				ONLY_ACTIVE_ARCH = YES;
				SDKROOT = iphoneos;
				SWIFT_ACTIVE_COMPILATION_CONDITIONS = DEBUG;
				SWIFT_OPTIMIZATION_LEVEL = "-Onone";
			};
			name = Debug;
		};
		B454D13C292F15F900D9CE33 /* Release */ = {
			isa = XCBuildConfiguration;
			buildSettings = {
				ALWAYS_SEARCH_USER_PATHS = NO;
				CLANG_ANALYZER_NONNULL = YES;
				CLANG_ANALYZER_NUMBER_OBJECT_CONVERSION = YES_AGGRESSIVE;
				CLANG_CXX_LANGUAGE_STANDARD = "gnu++20";
				CLANG_ENABLE_MODULES = YES;
				CLANG_ENABLE_OBJC_ARC = YES;
				CLANG_ENABLE_OBJC_WEAK = YES;
				CLANG_WARN_BLOCK_CAPTURE_AUTORELEASING = YES;
				CLANG_WARN_BOOL_CONVERSION = YES;
				CLANG_WARN_COMMA = YES;
				CLANG_WARN_CONSTANT_CONVERSION = YES;
				CLANG_WARN_DEPRECATED_OBJC_IMPLEMENTATIONS = YES;
				CLANG_WARN_DIRECT_OBJC_ISA_USAGE = YES_ERROR;
				CLANG_WARN_DOCUMENTATION_COMMENTS = YES;
				CLANG_WARN_EMPTY_BODY = YES;
				CLANG_WARN_ENUM_CONVERSION = YES;
				CLANG_WARN_INFINITE_RECURSION = YES;
				CLANG_WARN_INT_CONVERSION = YES;
				CLANG_WARN_NON_LITERAL_NULL_CONVERSION = YES;
				CLANG_WARN_OBJC_IMPLICIT_RETAIN_SELF = YES;
				CLANG_WARN_OBJC_LITERAL_CONVERSION = YES;
				CLANG_WARN_OBJC_ROOT_CLASS = YES_ERROR;
				CLANG_WARN_QUOTED_INCLUDE_IN_FRAMEWORK_HEADER = YES;
				CLANG_WARN_RANGE_LOOP_ANALYSIS = YES;
				CLANG_WARN_STRICT_PROTOTYPES = YES;
				CLANG_WARN_SUSPICIOUS_MOVE = YES;
				CLANG_WARN_UNGUARDED_AVAILABILITY = YES_AGGRESSIVE;
				CLANG_WARN_UNREACHABLE_CODE = YES;
				CLANG_WARN__DUPLICATE_METHOD_MATCH = YES;
				COPY_PHASE_STRIP = NO;
				DEBUG_INFORMATION_FORMAT = "dwarf-with-dsym";
				ENABLE_NS_ASSERTIONS = NO;
				ENABLE_STRICT_OBJC_MSGSEND = YES;
				GCC_C_LANGUAGE_STANDARD = gnu11;
				GCC_NO_COMMON_BLOCKS = YES;
				GCC_WARN_64_TO_32_BIT_CONVERSION = YES;
				GCC_WARN_ABOUT_RETURN_TYPE = YES_ERROR;
				GCC_WARN_UNDECLARED_SELECTOR = YES;
				GCC_WARN_UNINITIALIZED_AUTOS = YES_AGGRESSIVE;
				GCC_WARN_UNUSED_FUNCTION = YES;
				GCC_WARN_UNUSED_VARIABLE = YES;
				IPHONEOS_DEPLOYMENT_TARGET = 16.1;
				MTL_ENABLE_DEBUG_INFO = NO;
				MTL_FAST_MATH = YES;
				SDKROOT = iphoneos;
				SWIFT_COMPILATION_MODE = wholemodule;
				SWIFT_OPTIMIZATION_LEVEL = "-O";
				VALIDATE_PRODUCT = YES;
			};
			name = Release;
		};
		B454D13E292F15F900D9CE33 /* Debug */ = {
			isa = XCBuildConfiguration;
			buildSettings = {
				ASSETCATALOG_COMPILER_APPICON_NAME = AppIcon;
				ASSETCATALOG_COMPILER_GLOBAL_ACCENT_COLOR_NAME = AccentColor;
				CODE_SIGN_STYLE = Automatic;
				CURRENT_PROJECT_VERSION = 1;
				DEVELOPMENT_ASSET_PATHS = "\"PokemonDex/Preview Content\"";
				DEVELOPMENT_TEAM = HRU8G4Q8T9;
				ENABLE_PREVIEWS = YES;
				GENERATE_INFOPLIST_FILE = YES;
				INFOPLIST_KEY_UIApplicationSceneManifest_Generation = YES;
				INFOPLIST_KEY_UIApplicationSupportsIndirectInputEvents = YES;
				INFOPLIST_KEY_UILaunchScreen_Generation = YES;
				INFOPLIST_KEY_UISupportedInterfaceOrientations_iPad = "UIInterfaceOrientationPortrait UIInterfaceOrientationPortraitUpsideDown UIInterfaceOrientationLandscapeLeft UIInterfaceOrientationLandscapeRight";
				INFOPLIST_KEY_UISupportedInterfaceOrientations_iPhone = "UIInterfaceOrientationPortrait UIInterfaceOrientationLandscapeLeft UIInterfaceOrientationLandscapeRight";
				LD_RUNPATH_SEARCH_PATHS = (
					"$(inherited)",
					"@executable_path/Frameworks",
				);
				MARKETING_VERSION = 1.0;
				PRODUCT_BUNDLE_IDENTIFIER = edu.missouri.PokemonDex;
				PRODUCT_NAME = "$(TARGET_NAME)";
				SWIFT_EMIT_LOC_STRINGS = YES;
				SWIFT_VERSION = 5.0;
				TARGETED_DEVICE_FAMILY = "1,2";
			};
			name = Debug;
		};
		B454D13F292F15F900D9CE33 /* Release */ = {
			isa = XCBuildConfiguration;
			buildSettings = {
				ASSETCATALOG_COMPILER_APPICON_NAME = AppIcon;
				ASSETCATALOG_COMPILER_GLOBAL_ACCENT_COLOR_NAME = AccentColor;
				CODE_SIGN_STYLE = Automatic;
				CURRENT_PROJECT_VERSION = 1;
				DEVELOPMENT_ASSET_PATHS = "\"PokemonDex/Preview Content\"";
				DEVELOPMENT_TEAM = HRU8G4Q8T9;
				ENABLE_PREVIEWS = YES;
				GENERATE_INFOPLIST_FILE = YES;
				INFOPLIST_KEY_UIApplicationSceneManifest_Generation = YES;
				INFOPLIST_KEY_UIApplicationSupportsIndirectInputEvents = YES;
				INFOPLIST_KEY_UILaunchScreen_Generation = YES;
				INFOPLIST_KEY_UISupportedInterfaceOrientations_iPad = "UIInterfaceOrientationPortrait UIInterfaceOrientationPortraitUpsideDown UIInterfaceOrientationLandscapeLeft UIInterfaceOrientationLandscapeRight";
				INFOPLIST_KEY_UISupportedInterfaceOrientations_iPhone = "UIInterfaceOrientationPortrait UIInterfaceOrientationLandscapeLeft UIInterfaceOrientationLandscapeRight";
				LD_RUNPATH_SEARCH_PATHS = (
					"$(inherited)",
					"@executable_path/Frameworks",
				);
				MARKETING_VERSION = 1.0;
				PRODUCT_BUNDLE_IDENTIFIER = edu.missouri.PokemonDex;
				PRODUCT_NAME = "$(TARGET_NAME)";
				SWIFT_EMIT_LOC_STRINGS = YES;
				SWIFT_VERSION = 5.0;
				TARGETED_DEVICE_FAMILY = "1,2";
			};
			name = Release;
		};
/* End XCBuildConfiguration section */

/* Begin XCConfigurationList section */
		B454D12A292F15F700D9CE33 /* Build configuration list for PBXProject "PokemonDex" */ = {
			isa = XCConfigurationList;
			buildConfigurations = (
				B454D13B292F15F900D9CE33 /* Debug */,
				B454D13C292F15F900D9CE33 /* Release */,
			);
			defaultConfigurationIsVisible = 0;
			defaultConfigurationName = Release;
		};
		B454D13D292F15F900D9CE33 /* Build configuration list for PBXNativeTarget "PokemonDex" */ = {
			isa = XCConfigurationList;
			buildConfigurations = (
				B454D13E292F15F900D9CE33 /* Debug */,
				B454D13F292F15F900D9CE33 /* Release */,
			);
			defaultConfigurationIsVisible = 0;
			defaultConfigurationName = Release;
		};
/* End XCConfigurationList section */

/* Begin XCRemoteSwiftPackageReference section */
		B454D153292F292100D9CE33 /* XCRemoteSwiftPackageReference "SDWebImage" */ = {
			isa = XCRemoteSwiftPackageReference;
			repositoryURL = "https://github.com/SDWebImage/SDWebImage.git";
			requirement = {
				kind = upToNextMajorVersion;
				minimumVersion = 5.0.0;
			};
		};
		B454D158292F2BB100D9CE33 /* XCRemoteSwiftPackageReference "SDWebImageSwiftUI" */ = {
			isa = XCRemoteSwiftPackageReference;
			repositoryURL = "https://github.com/SDWebImage/SDWebImageSwiftUI.git";
			requirement = {
				kind = upToNextMajorVersion;
				minimumVersion = 2.0.0;
			};
		};
/* End XCRemoteSwiftPackageReference section */

/* Begin XCSwiftPackageProductDependency section */
		B454D154292F292100D9CE33 /* SDWebImage */ = {
			isa = XCSwiftPackageProductDependency;
			package = B454D153292F292100D9CE33 /* XCRemoteSwiftPackageReference "SDWebImage" */;
			productName = SDWebImage;
		};
		B454D156292F292100D9CE33 /* SDWebImageMapKit */ = {
			isa = XCSwiftPackageProductDependency;
			package = B454D153292F292100D9CE33 /* XCRemoteSwiftPackageReference "SDWebImage" */;
			productName = SDWebImageMapKit;
		};
		B454D159292F2BB100D9CE33 /* SDWebImageSwiftUI */ = {
			isa = XCSwiftPackageProductDependency;
			package = B454D158292F2BB100D9CE33 /* XCRemoteSwiftPackageReference "SDWebImageSwiftUI" */;
			productName = SDWebImageSwiftUI;
		};
/* End XCSwiftPackageProductDependency section */
	};
	rootObject = B454D127292F15F700D9CE33 /* Project object */;
}
